// !$*UTF8*$!
{
	archiveVersion = 1;
	classes = {
	};
	objectVersion = 56;
	objects = {

/* Begin PBXBuildFile section */
		BD3DC1F52AB633EF008E3DB0 /* ChoiceModel.swift in Sources */ = {isa = PBXBuildFile; fileRef = BD3DC1F42AB633EF008E3DB0 /* ChoiceModel.swift */; };
		BD3DC1F72AB63868008E3DB0 /* Mod3DModel.swift in Sources */ = {isa = PBXBuildFile; fileRef = BD3DC1F62AB63868008E3DB0 /* Mod3DModel.swift */; };
		BD3DC1FD2AB63D1F008E3DB0 /* ChatbotView.swift in Sources */ = {isa = PBXBuildFile; fileRef = BD3DC1FC2AB63D1F008E3DB0 /* ChatbotView.swift */; };
		BD3DC2012AB65FF8008E3DB0 /* WordCollection.swift in Sources */ = {isa = PBXBuildFile; fileRef = BD3DC2002AB65FF8008E3DB0 /* WordCollection.swift */; };
		BD3DC2032AB660D3008E3DB0 /* WordDecoder.swift in Sources */ = {isa = PBXBuildFile; fileRef = BD3DC2022AB660D3008E3DB0 /* WordDecoder.swift */; };
		BD3DC2052AB67C97008E3DB0 /* ImmersionModel.swift in Sources */ = {isa = PBXBuildFile; fileRef = BD3DC2042AB67C97008E3DB0 /* ImmersionModel.swift */; };
		BD3DC2072AB67DA5008E3DB0 /* DockScene.jpg in Resources */ = {isa = PBXBuildFile; fileRef = BD3DC2062AB67DA5008E3DB0 /* DockScene.jpg */; };
		BD3DC2092AB67DB2008E3DB0 /* DesertScene.jpg in Resources */ = {isa = PBXBuildFile; fileRef = BD3DC2082AB67DB2008E3DB0 /* DesertScene.jpg */; };
		BD3DC20B2AB67E31008E3DB0 /* ChurchScene.jpg in Resources */ = {isa = PBXBuildFile; fileRef = BD3DC20A2AB67E31008E3DB0 /* ChurchScene.jpg */; };
		BD3DC20D2AB67E76008E3DB0 /* ParkScene.jpg in Resources */ = {isa = PBXBuildFile; fileRef = BD3DC20C2AB67E75008E3DB0 /* ParkScene.jpg */; };
		BD3DC20F2AB68D69008E3DB0 /* ChatbotViewModel.swift in Sources */ = {isa = PBXBuildFile; fileRef = BD3DC20E2AB68D69008E3DB0 /* ChatbotViewModel.swift */; };
		BD3DC2152AB6EC3E008E3DB0 /* PracticeView.swift in Sources */ = {isa = PBXBuildFile; fileRef = BD3DC2142AB6EC3E008E3DB0 /* PracticeView.swift */; };
		BD3DC2172AB6EC48008E3DB0 /* PracticeViewModel.swift in Sources */ = {isa = PBXBuildFile; fileRef = BD3DC2162AB6EC48008E3DB0 /* PracticeViewModel.swift */; };
		BDD07EC92AB5F490001A3CAD /* RealityKitContent in Frameworks */ = {isa = PBXBuildFile; productRef = BDD07EC82AB5F490001A3CAD /* RealityKitContent */; };
		BDD07ECB2AB5F490001A3CAD /* EduSphereApp.swift in Sources */ = {isa = PBXBuildFile; fileRef = BDD07ECA2AB5F490001A3CAD /* EduSphereApp.swift */; };
		BDD07ECD2AB5F490001A3CAD /* ContentView.swift in Sources */ = {isa = PBXBuildFile; fileRef = BDD07ECC2AB5F490001A3CAD /* ContentView.swift */; };
		BDD07ECF2AB5F490001A3CAD /* ImmersiveView.swift in Sources */ = {isa = PBXBuildFile; fileRef = BDD07ECE2AB5F490001A3CAD /* ImmersiveView.swift */; };
		BDD07ED12AB5F490001A3CAD /* ImageBasedLighting.skybox in Resources */ = {isa = PBXBuildFile; fileRef = BDD07ED02AB5F490001A3CAD /* ImageBasedLighting.skybox */; };
		BDD07ED32AB5F492001A3CAD /* Assets.xcassets in Resources */ = {isa = PBXBuildFile; fileRef = BDD07ED22AB5F492001A3CAD /* Assets.xcassets */; };
		BDD07ED62AB5F492001A3CAD /* Preview Assets.xcassets in Resources */ = {isa = PBXBuildFile; fileRef = BDD07ED52AB5F492001A3CAD /* Preview Assets.xcassets */; };
		BDD07EF02AB5F531001A3CAD /* AboutView.swift in Sources */ = {isa = PBXBuildFile; fileRef = BDD07EEF2AB5F531001A3CAD /* AboutView.swift */; };
		BDD07EF22AB5F537001A3CAD /* LearnView.swift in Sources */ = {isa = PBXBuildFile; fileRef = BDD07EF12AB5F537001A3CAD /* LearnView.swift */; };
		BDD07EF52AB5F953001A3CAD /* StarfieldScene.jpg in Resources */ = {isa = PBXBuildFile; fileRef = BDD07EF42AB5F953001A3CAD /* StarfieldScene.jpg */; };
		BDD07EF72AB5FA17001A3CAD /* Chair.usdz in Resources */ = {isa = PBXBuildFile; fileRef = BDD07EF62AB5FA17001A3CAD /* Chair.usdz */; };
		BDD07EF92AB5FBE7001A3CAD /* LearnViewModel.swift in Sources */ = {isa = PBXBuildFile; fileRef = BDD07EF82AB5FBE7001A3CAD /* LearnViewModel.swift */; };
		BDD07EFC2AB61132001A3CAD /* Alamofire in Frameworks */ = {isa = PBXBuildFile; productRef = BDD07EFB2AB61132001A3CAD /* Alamofire */; };
		BDD07EFE2AB61245001A3CAD /* AboutInfo.swift in Sources */ = {isa = PBXBuildFile; fileRef = BDD07EFD2AB61245001A3CAD /* AboutInfo.swift */; };
		BDD07F002AB6159C001A3CAD /* LanguageManager.swift in Sources */ = {isa = PBXBuildFile; fileRef = BDD07EFF2AB6159C001A3CAD /* LanguageManager.swift */; };
		BDD07F022AB6183C001A3CAD /* Language.swift in Sources */ = {isa = PBXBuildFile; fileRef = BDD07F012AB6183C001A3CAD /* Language.swift */; };
/* End PBXBuildFile section */

/* Begin PBXFileReference section */
		BD3DC1F42AB633EF008E3DB0 /* ChoiceModel.swift */ = {isa = PBXFileReference; lastKnownFileType = sourcecode.swift; path = ChoiceModel.swift; sourceTree = "<group>"; };
		BD3DC1F62AB63868008E3DB0 /* Mod3DModel.swift */ = {isa = PBXFileReference; lastKnownFileType = sourcecode.swift; path = Mod3DModel.swift; sourceTree = "<group>"; };
		BD3DC1FC2AB63D1F008E3DB0 /* ChatbotView.swift */ = {isa = PBXFileReference; lastKnownFileType = sourcecode.swift; path = ChatbotView.swift; sourceTree = "<group>"; };
		BD3DC1FE2AB643AC008E3DB0 /* Info.plist */ = {isa = PBXFileReference; lastKnownFileType = text.plist; path = Info.plist; sourceTree = "<group>"; };
		BD3DC2002AB65FF8008E3DB0 /* WordCollection.swift */ = {isa = PBXFileReference; lastKnownFileType = sourcecode.swift; path = WordCollection.swift; sourceTree = "<group>"; };
		BD3DC2022AB660D3008E3DB0 /* WordDecoder.swift */ = {isa = PBXFileReference; lastKnownFileType = sourcecode.swift; path = WordDecoder.swift; sourceTree = "<group>"; };
		BD3DC2042AB67C97008E3DB0 /* ImmersionModel.swift */ = {isa = PBXFileReference; lastKnownFileType = sourcecode.swift; path = ImmersionModel.swift; sourceTree = "<group>"; };
		BD3DC2062AB67DA5008E3DB0 /* DockScene.jpg */ = {isa = PBXFileReference; lastKnownFileType = image.jpeg; path = DockScene.jpg; sourceTree = "<group>"; };
		BD3DC2082AB67DB2008E3DB0 /* DesertScene.jpg */ = {isa = PBXFileReference; lastKnownFileType = image.jpeg; path = DesertScene.jpg; sourceTree = "<group>"; };
		BD3DC20A2AB67E31008E3DB0 /* ChurchScene.jpg */ = {isa = PBXFileReference; lastKnownFileType = image.jpeg; path = ChurchScene.jpg; sourceTree = "<group>"; };
		BD3DC20C2AB67E75008E3DB0 /* ParkScene.jpg */ = {isa = PBXFileReference; lastKnownFileType = image.jpeg; path = ParkScene.jpg; sourceTree = "<group>"; };
		BD3DC20E2AB68D69008E3DB0 /* ChatbotViewModel.swift */ = {isa = PBXFileReference; lastKnownFileType = sourcecode.swift; path = ChatbotViewModel.swift; sourceTree = "<group>"; };
		BD3DC2142AB6EC3E008E3DB0 /* PracticeView.swift */ = {isa = PBXFileReference; lastKnownFileType = sourcecode.swift; path = PracticeView.swift; sourceTree = "<group>"; };
		BD3DC2162AB6EC48008E3DB0 /* PracticeViewModel.swift */ = {isa = PBXFileReference; lastKnownFileType = sourcecode.swift; path = PracticeViewModel.swift; sourceTree = "<group>"; };
		BDD07EC32AB5F490001A3CAD /* EduSphere.app */ = {isa = PBXFileReference; explicitFileType = wrapper.application; includeInIndex = 0; path = EduSphere.app; sourceTree = BUILT_PRODUCTS_DIR; };
		BDD07EC72AB5F490001A3CAD /* RealityKitContent */ = {isa = PBXFileReference; lastKnownFileType = wrapper; path = RealityKitContent; sourceTree = "<group>"; };
		BDD07ECA2AB5F490001A3CAD /* EduSphereApp.swift */ = {isa = PBXFileReference; lastKnownFileType = sourcecode.swift; path = EduSphereApp.swift; sourceTree = "<group>"; };
		BDD07ECC2AB5F490001A3CAD /* ContentView.swift */ = {isa = PBXFileReference; lastKnownFileType = sourcecode.swift; path = ContentView.swift; sourceTree = "<group>"; };
		BDD07ECE2AB5F490001A3CAD /* ImmersiveView.swift */ = {isa = PBXFileReference; lastKnownFileType = sourcecode.swift; path = ImmersiveView.swift; sourceTree = "<group>"; };
		BDD07ED02AB5F490001A3CAD /* ImageBasedLighting.skybox */ = {isa = PBXFileReference; lastKnownFileType = file.skybox; path = ImageBasedLighting.skybox; sourceTree = "<group>"; };
		BDD07ED22AB5F492001A3CAD /* Assets.xcassets */ = {isa = PBXFileReference; lastKnownFileType = folder.assetcatalog; path = Assets.xcassets; sourceTree = "<group>"; };
		BDD07ED52AB5F492001A3CAD /* Preview Assets.xcassets */ = {isa = PBXFileReference; lastKnownFileType = folder.assetcatalog; path = "Preview Assets.xcassets"; sourceTree = "<group>"; };
		BDD07EEF2AB5F531001A3CAD /* AboutView.swift */ = {isa = PBXFileReference; lastKnownFileType = sourcecode.swift; path = AboutView.swift; sourceTree = "<group>"; };
		BDD07EF12AB5F537001A3CAD /* LearnView.swift */ = {isa = PBXFileReference; lastKnownFileType = sourcecode.swift; path = LearnView.swift; sourceTree = "<group>"; };
		BDD07EF42AB5F953001A3CAD /* StarfieldScene.jpg */ = {isa = PBXFileReference; lastKnownFileType = image.jpeg; path = StarfieldScene.jpg; sourceTree = "<group>"; };
		BDD07EF62AB5FA17001A3CAD /* Chair.usdz */ = {isa = PBXFileReference; lastKnownFileType = file.usdz; path = Chair.usdz; sourceTree = "<group>"; };
		BDD07EF82AB5FBE7001A3CAD /* LearnViewModel.swift */ = {isa = PBXFileReference; lastKnownFileType = sourcecode.swift; path = LearnViewModel.swift; sourceTree = "<group>"; };
		BDD07EFD2AB61245001A3CAD /* AboutInfo.swift */ = {isa = PBXFileReference; lastKnownFileType = sourcecode.swift; path = AboutInfo.swift; sourceTree = "<group>"; };
		BDD07EFF2AB6159C001A3CAD /* LanguageManager.swift */ = {isa = PBXFileReference; lastKnownFileType = sourcecode.swift; path = LanguageManager.swift; sourceTree = "<group>"; };
		BDD07F012AB6183C001A3CAD /* Language.swift */ = {isa = PBXFileReference; lastKnownFileType = sourcecode.swift; path = Language.swift; sourceTree = "<group>"; };
/* End PBXFileReference section */

/* Begin PBXFrameworksBuildPhase section */
		BDD07EC02AB5F490001A3CAD /* Frameworks */ = {
			isa = PBXFrameworksBuildPhase;
			buildActionMask = 2147483647;
			files = (
				BDD07EC92AB5F490001A3CAD /* RealityKitContent in Frameworks */,
				BDD07EFC2AB61132001A3CAD /* Alamofire in Frameworks */,
			);
			runOnlyForDeploymentPostprocessing = 0;
		};
/* End PBXFrameworksBuildPhase section */

/* Begin PBXGroup section */
		BD3DC1F82AB63CE9008E3DB0 /* Chatbot */ = {
			isa = PBXGroup;
			children = (
				BD3DC1FB2AB63CFA008E3DB0 /* Views */,
				BD3DC1FA2AB63CF5008E3DB0 /* ViewModels */,
				BD3DC1F92AB63CF1008E3DB0 /* Models */,
			);
			path = Chatbot;
			sourceTree = "<group>";
		};
		BD3DC1F92AB63CF1008E3DB0 /* Models */ = {
			isa = PBXGroup;
			children = (
			);
			path = Models;
			sourceTree = "<group>";
		};
		BD3DC1FA2AB63CF5008E3DB0 /* ViewModels */ = {
			isa = PBXGroup;
			children = (
				BD3DC20E2AB68D69008E3DB0 /* ChatbotViewModel.swift */,
			);
			path = ViewModels;
			sourceTree = "<group>";
		};
		BD3DC1FB2AB63CFA008E3DB0 /* Views */ = {
			isa = PBXGroup;
			children = (
				BD3DC1FC2AB63D1F008E3DB0 /* ChatbotView.swift */,
			);
			path = Views;
			sourceTree = "<group>";
		};
		BD3DC1FF2AB65FE9008E3DB0 /* SupportingFiles */ = {
			isa = PBXGroup;
			children = (
				BD3DC2002AB65FF8008E3DB0 /* WordCollection.swift */,
				BD3DC2022AB660D3008E3DB0 /* WordDecoder.swift */,
			);
			path = SupportingFiles;
			sourceTree = "<group>";
		};
		BD3DC2102AB6EC0E008E3DB0 /* Practice */ = {
			isa = PBXGroup;
			children = (
				BD3DC2132AB6EC35008E3DB0 /* Views */,
				BD3DC2122AB6EC2F008E3DB0 /* ViewModels */,
				BD3DC2112AB6EC2C008E3DB0 /* Models */,
			);
			path = Practice;
			sourceTree = "<group>";
		};
		BD3DC2112AB6EC2C008E3DB0 /* Models */ = {
			isa = PBXGroup;
			children = (
				BD3DC2042AB67C97008E3DB0 /* ImmersionModel.swift */,
			);
			path = Models;
			sourceTree = "<group>";
		};
		BD3DC2122AB6EC2F008E3DB0 /* ViewModels */ = {
			isa = PBXGroup;
			children = (
				BD3DC2162AB6EC48008E3DB0 /* PracticeViewModel.swift */,
			);
			path = ViewModels;
			sourceTree = "<group>";
		};
		BD3DC2132AB6EC35008E3DB0 /* Views */ = {
			isa = PBXGroup;
			children = (
				BD3DC2142AB6EC3E008E3DB0 /* PracticeView.swift */,
			);
			path = Views;
			sourceTree = "<group>";
		};
		BDD07EBA2AB5F490001A3CAD = {
			isa = PBXGroup;
			children = (
				BDD07EC52AB5F490001A3CAD /* EduSphere */,
				BDD07EC62AB5F490001A3CAD /* Packages */,
				BDD07EC42AB5F490001A3CAD /* Products */,
			);
			sourceTree = "<group>";
		};
		BDD07EC42AB5F490001A3CAD /* Products */ = {
			isa = PBXGroup;
			children = (
				BDD07EC32AB5F490001A3CAD /* EduSphere.app */,
			);
			name = Products;
			sourceTree = "<group>";
		};
		BDD07EC52AB5F490001A3CAD /* EduSphere */ = {
			isa = PBXGroup;
			children = (
				BD3DC1FE2AB643AC008E3DB0 /* Info.plist */,
				BDD07ECA2AB5F490001A3CAD /* EduSphereApp.swift */,
				BDD07ECC2AB5F490001A3CAD /* ContentView.swift */,
				BDD07EF32AB5F93A001A3CAD /* Resources */,
				BDD07EDC2AB5F4A7001A3CAD /* Source */,
				BDD07ED02AB5F490001A3CAD /* ImageBasedLighting.skybox */,
				BDD07ED42AB5F492001A3CAD /* Preview Content */,
			);
			path = EduSphere;
			sourceTree = "<group>";
		};
		BDD07EC62AB5F490001A3CAD /* Packages */ = {
			isa = PBXGroup;
			children = (
				BDD07EC72AB5F490001A3CAD /* RealityKitContent */,
			);
			path = Packages;
			sourceTree = "<group>";
		};
		BDD07ED42AB5F492001A3CAD /* Preview Content */ = {
			isa = PBXGroup;
			children = (
				BDD07ED52AB5F492001A3CAD /* Preview Assets.xcassets */,
			);
			path = "Preview Content";
			sourceTree = "<group>";
		};
		BDD07EDC2AB5F4A7001A3CAD /* Source */ = {
			isa = PBXGroup;
			children = (
				BD3DC1FF2AB65FE9008E3DB0 /* SupportingFiles */,
				BDD07EDD2AB5F4AB001A3CAD /* Features */,
			);
			path = Source;
			sourceTree = "<group>";
		};
		BDD07EDD2AB5F4AB001A3CAD /* Features */ = {
			isa = PBXGroup;
			children = (
				BD3DC2102AB6EC0E008E3DB0 /* Practice */,
				BD3DC1F82AB63CE9008E3DB0 /* Chatbot */,
				BDD07EDE2AB5F4B2001A3CAD /* Common */,
				BDD07EE12AB5F4CB001A3CAD /* Learn */,
				BDD07EE02AB5F4C8001A3CAD /* About */,
			);
			path = Features;
			sourceTree = "<group>";
		};
		BDD07EDE2AB5F4B2001A3CAD /* Common */ = {
			isa = PBXGroup;
			children = (
				BDD07EE52AB5F4EB001A3CAD /* Managers */,
				BDD07EE42AB5F4E7001A3CAD /* Views */,
				BDD07EE32AB5F4E4001A3CAD /* ViewModels */,
				BDD07EE22AB5F4E0001A3CAD /* Models */,
			);
			path = Common;
			sourceTree = "<group>";
		};
		BDD07EE02AB5F4C8001A3CAD /* About */ = {
			isa = PBXGroup;
			children = (
				BDD07EEB2AB5F501001A3CAD /* Views */,
				BDD07EEA2AB5F4FE001A3CAD /* ViewModels */,
				BDD07EE92AB5F4FB001A3CAD /* Models */,
			);
			path = About;
			sourceTree = "<group>";
		};
		BDD07EE12AB5F4CB001A3CAD /* Learn */ = {
			isa = PBXGroup;
			children = (
				BDD07EE82AB5F4F7001A3CAD /* Views */,
				BDD07EE72AB5F4F3001A3CAD /* ViewModels */,
				BDD07EE62AB5F4EF001A3CAD /* Models */,
			);
			path = Learn;
			sourceTree = "<group>";
		};
		BDD07EE22AB5F4E0001A3CAD /* Models */ = {
			isa = PBXGroup;
			children = (
				BDD07F012AB6183C001A3CAD /* Language.swift */,
			);
			path = Models;
			sourceTree = "<group>";
		};
		BDD07EE32AB5F4E4001A3CAD /* ViewModels */ = {
			isa = PBXGroup;
			children = (
			);
			path = ViewModels;
			sourceTree = "<group>";
		};
		BDD07EE42AB5F4E7001A3CAD /* Views */ = {
			isa = PBXGroup;
			children = (
				BDD07ECE2AB5F490001A3CAD /* ImmersiveView.swift */,
			);
			path = Views;
			sourceTree = "<group>";
		};
		BDD07EE52AB5F4EB001A3CAD /* Managers */ = {
			isa = PBXGroup;
			children = (
				BDD07EFF2AB6159C001A3CAD /* LanguageManager.swift */,
			);
			path = Managers;
			sourceTree = "<group>";
		};
		BDD07EE62AB5F4EF001A3CAD /* Models */ = {
			isa = PBXGroup;
			children = (
				BD3DC1F42AB633EF008E3DB0 /* ChoiceModel.swift */,
				BD3DC1F62AB63868008E3DB0 /* Mod3DModel.swift */,
			);
			path = Models;
			sourceTree = "<group>";
		};
		BDD07EE72AB5F4F3001A3CAD /* ViewModels */ = {
			isa = PBXGroup;
			children = (
				BDD07EF82AB5FBE7001A3CAD /* LearnViewModel.swift */,
			);
			path = ViewModels;
			sourceTree = "<group>";
		};
		BDD07EE82AB5F4F7001A3CAD /* Views */ = {
			isa = PBXGroup;
			children = (
				BDD07EF12AB5F537001A3CAD /* LearnView.swift */,
			);
			path = Views;
			sourceTree = "<group>";
		};
		BDD07EE92AB5F4FB001A3CAD /* Models */ = {
			isa = PBXGroup;
			children = (
				BDD07EFD2AB61245001A3CAD /* AboutInfo.swift */,
			);
			path = Models;
			sourceTree = "<group>";
		};
		BDD07EEA2AB5F4FE001A3CAD /* ViewModels */ = {
			isa = PBXGroup;
			children = (
			);
			path = ViewModels;
			sourceTree = "<group>";
		};
		BDD07EEB2AB5F501001A3CAD /* Views */ = {
			isa = PBXGroup;
			children = (
				BDD07EEF2AB5F531001A3CAD /* AboutView.swift */,
			);
			path = Views;
			sourceTree = "<group>";
		};
		BDD07EF32AB5F93A001A3CAD /* Resources */ = {
			isa = PBXGroup;
			children = (
				BDD07EF62AB5FA17001A3CAD /* Chair.usdz */,
				BDD07EF42AB5F953001A3CAD /* StarfieldScene.jpg */,
				BD3DC2062AB67DA5008E3DB0 /* DockScene.jpg */,
				BD3DC20A2AB67E31008E3DB0 /* ChurchScene.jpg */,
				BD3DC20C2AB67E75008E3DB0 /* ParkScene.jpg */,
				BD3DC2082AB67DB2008E3DB0 /* DesertScene.jpg */,
				BDD07ED22AB5F492001A3CAD /* Assets.xcassets */,
			);
			path = Resources;
			sourceTree = "<group>";
		};
/* End PBXGroup section */

/* Begin PBXNativeTarget section */
		BDD07EC22AB5F490001A3CAD /* EduSphere */ = {
			isa = PBXNativeTarget;
			buildConfigurationList = BDD07ED92AB5F492001A3CAD /* Build configuration list for PBXNativeTarget "EduSphere" */;
			buildPhases = (
				BDD07EBF2AB5F490001A3CAD /* Sources */,
				BDD07EC02AB5F490001A3CAD /* Frameworks */,
				BDD07EC12AB5F490001A3CAD /* Resources */,
			);
			buildRules = (
			);
			dependencies = (
			);
			name = EduSphere;
			packageProductDependencies = (
				BDD07EC82AB5F490001A3CAD /* RealityKitContent */,
				BDD07EFB2AB61132001A3CAD /* Alamofire */,
			);
			productName = EduSphere;
			productReference = BDD07EC32AB5F490001A3CAD /* EduSphere.app */;
			productType = "com.apple.product-type.application";
		};
/* End PBXNativeTarget section */

/* Begin PBXProject section */
		BDD07EBB2AB5F490001A3CAD /* Project object */ = {
			isa = PBXProject;
			attributes = {
				BuildIndependentTargetsInParallel = 1;
				LastSwiftUpdateCheck = 1500;
				LastUpgradeCheck = 1500;
				TargetAttributes = {
					BDD07EC22AB5F490001A3CAD = {
						CreatedOnToolsVersion = 15.0;
					};
				};
			};
			buildConfigurationList = BDD07EBE2AB5F490001A3CAD /* Build configuration list for PBXProject "EduSphere" */;
			compatibilityVersion = "Xcode 14.0";
			developmentRegion = en;
			hasScannedForEncodings = 0;
			knownRegions = (
				en,
				Base,
			);
			mainGroup = BDD07EBA2AB5F490001A3CAD;
			packageReferences = (
				BDD07EFA2AB61132001A3CAD /* XCRemoteSwiftPackageReference "Alamofire" */,
			);
			productRefGroup = BDD07EC42AB5F490001A3CAD /* Products */;
			projectDirPath = "";
			projectRoot = "";
			targets = (
				BDD07EC22AB5F490001A3CAD /* EduSphere */,
			);
		};
/* End PBXProject section */

/* Begin PBXResourcesBuildPhase section */
		BDD07EC12AB5F490001A3CAD /* Resources */ = {
			isa = PBXResourcesBuildPhase;
			buildActionMask = 2147483647;
			files = (
				BDD07ED32AB5F492001A3CAD /* Assets.xcassets in Resources */,
				BD3DC20D2AB67E76008E3DB0 /* ParkScene.jpg in Resources */,
				BD3DC20B2AB67E31008E3DB0 /* ChurchScene.jpg in Resources */,
				BD3DC2092AB67DB2008E3DB0 /* DesertScene.jpg in Resources */,
				BDD07EF72AB5FA17001A3CAD /* Chair.usdz in Resources */,
				BDD07ED62AB5F492001A3CAD /* Preview Assets.xcassets in Resources */,
				BD3DC2072AB67DA5008E3DB0 /* DockScene.jpg in Resources */,
				BDD07EF52AB5F953001A3CAD /* StarfieldScene.jpg in Resources */,
				BDD07ED12AB5F490001A3CAD /* ImageBasedLighting.skybox in Resources */,
			);
			runOnlyForDeploymentPostprocessing = 0;
		};
/* End PBXResourcesBuildPhase section */

/* Begin PBXSourcesBuildPhase section */
		BDD07EBF2AB5F490001A3CAD /* Sources */ = {
			isa = PBXSourcesBuildPhase;
			buildActionMask = 2147483647;
			files = (
				BDD07EF22AB5F537001A3CAD /* LearnView.swift in Sources */,
				BD3DC1F72AB63868008E3DB0 /* Mod3DModel.swift in Sources */,
				BD3DC20F2AB68D69008E3DB0 /* ChatbotViewModel.swift in Sources */,
				BD3DC2152AB6EC3E008E3DB0 /* PracticeView.swift in Sources */,
				BDD07EF02AB5F531001A3CAD /* AboutView.swift in Sources */,
				BDD07ECD2AB5F490001A3CAD /* ContentView.swift in Sources */,
				BDD07F022AB6183C001A3CAD /* Language.swift in Sources */,
				BD3DC2052AB67C97008E3DB0 /* ImmersionModel.swift in Sources */,
				BD3DC1F52AB633EF008E3DB0 /* ChoiceModel.swift in Sources */,
				BDD07EF92AB5FBE7001A3CAD /* LearnViewModel.swift in Sources */,
				BDD07ECB2AB5F490001A3CAD /* EduSphereApp.swift in Sources */,
				BD3DC1FD2AB63D1F008E3DB0 /* ChatbotView.swift in Sources */,
				BDD07ECF2AB5F490001A3CAD /* ImmersiveView.swift in Sources */,
				BD3DC2172AB6EC48008E3DB0 /* PracticeViewModel.swift in Sources */,
				BDD07EFE2AB61245001A3CAD /* AboutInfo.swift in Sources */,
				BDD07F002AB6159C001A3CAD /* LanguageManager.swift in Sources */,
				BD3DC2032AB660D3008E3DB0 /* WordDecoder.swift in Sources */,
				BD3DC2012AB65FF8008E3DB0 /* WordCollection.swift in Sources */,
			);
			runOnlyForDeploymentPostprocessing = 0;
		};
/* End PBXSourcesBuildPhase section */

/* Begin XCBuildConfiguration section */
		BDD07ED72AB5F492001A3CAD /* Debug */ = {
			isa = XCBuildConfiguration;
			buildSettings = {
				ALWAYS_SEARCH_USER_PATHS = NO;
				ASSETCATALOG_COMPILER_GENERATE_SWIFT_ASSET_SYMBOL_EXTENSIONS = YES;
				CLANG_ANALYZER_NONNULL = YES;
				CLANG_ANALYZER_NUMBER_OBJECT_CONVERSION = YES_AGGRESSIVE;
				CLANG_CXX_LANGUAGE_STANDARD = "gnu++20";
				CLANG_ENABLE_MODULES = YES;
				CLANG_ENABLE_OBJC_ARC = YES;
				CLANG_ENABLE_OBJC_WEAK = YES;
				CLANG_WARN_BLOCK_CAPTURE_AUTORELEASING = YES;
				CLANG_WARN_BOOL_CONVERSION = YES;
				CLANG_WARN_COMMA = YES;
				CLANG_WARN_CONSTANT_CONVERSION = YES;
				CLANG_WARN_DEPRECATED_OBJC_IMPLEMENTATIONS = YES;
				CLANG_WARN_DIRECT_OBJC_ISA_USAGE = YES_ERROR;
				CLANG_WARN_DOCUMENTATION_COMMENTS = YES;
				CLANG_WARN_EMPTY_BODY = YES;
				CLANG_WARN_ENUM_CONVERSION = YES;
				CLANG_WARN_INFINITE_RECURSION = YES;
				CLANG_WARN_INT_CONVERSION = YES;
				CLANG_WARN_NON_LITERAL_NULL_CONVERSION = YES;
				CLANG_WARN_OBJC_IMPLICIT_RETAIN_SELF = YES;
				CLANG_WARN_OBJC_LITERAL_CONVERSION = YES;
				CLANG_WARN_OBJC_ROOT_CLASS = YES_ERROR;
				CLANG_WARN_QUOTED_INCLUDE_IN_FRAMEWORK_HEADER = YES;
				CLANG_WARN_RANGE_LOOP_ANALYSIS = YES;
				CLANG_WARN_STRICT_PROTOTYPES = YES;
				CLANG_WARN_SUSPICIOUS_MOVE = YES;
				CLANG_WARN_UNGUARDED_AVAILABILITY = YES_AGGRESSIVE;
				CLANG_WARN_UNREACHABLE_CODE = YES;
				CLANG_WARN__DUPLICATE_METHOD_MATCH = YES;
				COPY_PHASE_STRIP = NO;
				DEBUG_INFORMATION_FORMAT = dwarf;
				ENABLE_STRICT_OBJC_MSGSEND = YES;
				ENABLE_TESTABILITY = YES;
				ENABLE_USER_SCRIPT_SANDBOXING = YES;
				GCC_C_LANGUAGE_STANDARD = gnu17;
				GCC_DYNAMIC_NO_PIC = NO;
				GCC_NO_COMMON_BLOCKS = YES;
				GCC_OPTIMIZATION_LEVEL = 0;
				GCC_PREPROCESSOR_DEFINITIONS = (
					"DEBUG=1",
					"$(inherited)",
				);
				GCC_WARN_64_TO_32_BIT_CONVERSION = YES;
				GCC_WARN_ABOUT_RETURN_TYPE = YES_ERROR;
				GCC_WARN_UNDECLARED_SELECTOR = YES;
				GCC_WARN_UNINITIALIZED_AUTOS = YES_AGGRESSIVE;
				GCC_WARN_UNUSED_FUNCTION = YES;
				GCC_WARN_UNUSED_VARIABLE = YES;
				LOCALIZATION_PREFERS_STRING_CATALOGS = YES;
				MTL_ENABLE_DEBUG_INFO = INCLUDE_SOURCE;
				MTL_FAST_MATH = YES;
				ONLY_ACTIVE_ARCH = YES;
				SDKROOT = xros;
				SWIFT_ACTIVE_COMPILATION_CONDITIONS = "DEBUG $(inherited)";
				SWIFT_OPTIMIZATION_LEVEL = "-Onone";
				XROS_DEPLOYMENT_TARGET = 1.0;
			};
			name = Debug;
		};
		BDD07ED82AB5F492001A3CAD /* Release */ = {
			isa = XCBuildConfiguration;
			buildSettings = {
				ALWAYS_SEARCH_USER_PATHS = NO;
				ASSETCATALOG_COMPILER_GENERATE_SWIFT_ASSET_SYMBOL_EXTENSIONS = YES;
				CLANG_ANALYZER_NONNULL = YES;
				CLANG_ANALYZER_NUMBER_OBJECT_CONVERSION = YES_AGGRESSIVE;
				CLANG_CXX_LANGUAGE_STANDARD = "gnu++20";
				CLANG_ENABLE_MODULES = YES;
				CLANG_ENABLE_OBJC_ARC = YES;
				CLANG_ENABLE_OBJC_WEAK = YES;
				CLANG_WARN_BLOCK_CAPTURE_AUTORELEASING = YES;
				CLANG_WARN_BOOL_CONVERSION = YES;
				CLANG_WARN_COMMA = YES;
				CLANG_WARN_CONSTANT_CONVERSION = YES;
				CLANG_WARN_DEPRECATED_OBJC_IMPLEMENTATIONS = YES;
				CLANG_WARN_DIRECT_OBJC_ISA_USAGE = YES_ERROR;
				CLANG_WARN_DOCUMENTATION_COMMENTS = YES;
				CLANG_WARN_EMPTY_BODY = YES;
				CLANG_WARN_ENUM_CONVERSION = YES;
				CLANG_WARN_INFINITE_RECURSION = YES;
				CLANG_WARN_INT_CONVERSION = YES;
				CLANG_WARN_NON_LITERAL_NULL_CONVERSION = YES;
				CLANG_WARN_OBJC_IMPLICIT_RETAIN_SELF = YES;
				CLANG_WARN_OBJC_LITERAL_CONVERSION = YES;
				CLANG_WARN_OBJC_ROOT_CLASS = YES_ERROR;
				CLANG_WARN_QUOTED_INCLUDE_IN_FRAMEWORK_HEADER = YES;
				CLANG_WARN_RANGE_LOOP_ANALYSIS = YES;
				CLANG_WARN_STRICT_PROTOTYPES = YES;
				CLANG_WARN_SUSPICIOUS_MOVE = YES;
				CLANG_WARN_UNGUARDED_AVAILABILITY = YES_AGGRESSIVE;
				CLANG_WARN_UNREACHABLE_CODE = YES;
				CLANG_WARN__DUPLICATE_METHOD_MATCH = YES;
				COPY_PHASE_STRIP = NO;
				DEBUG_INFORMATION_FORMAT = "dwarf-with-dsym";
				ENABLE_NS_ASSERTIONS = NO;
				ENABLE_STRICT_OBJC_MSGSEND = YES;
				ENABLE_USER_SCRIPT_SANDBOXING = YES;
				GCC_C_LANGUAGE_STANDARD = gnu17;
				GCC_NO_COMMON_BLOCKS = YES;
				GCC_WARN_64_TO_32_BIT_CONVERSION = YES;
				GCC_WARN_ABOUT_RETURN_TYPE = YES_ERROR;
				GCC_WARN_UNDECLARED_SELECTOR = YES;
				GCC_WARN_UNINITIALIZED_AUTOS = YES_AGGRESSIVE;
				GCC_WARN_UNUSED_FUNCTION = YES;
				GCC_WARN_UNUSED_VARIABLE = YES;
				LOCALIZATION_PREFERS_STRING_CATALOGS = YES;
				MTL_ENABLE_DEBUG_INFO = NO;
				MTL_FAST_MATH = YES;
				SDKROOT = xros;
				SWIFT_COMPILATION_MODE = wholemodule;
				VALIDATE_PRODUCT = YES;
				XROS_DEPLOYMENT_TARGET = 1.0;
			};
			name = Release;
		};
		BDD07EDA2AB5F492001A3CAD /* Debug */ = {
			isa = XCBuildConfiguration;
			buildSettings = {
				ASSETCATALOG_COMPILER_APPICON_NAME = AppIcon;
				ASSETCATALOG_COMPILER_GLOBAL_ACCENT_COLOR_NAME = AccentColor;
				CODE_SIGN_STYLE = Automatic;
				CURRENT_PROJECT_VERSION = 1;
				DEVELOPMENT_ASSET_PATHS = "\"EduSphere/Preview Content\"";
				DEVELOPMENT_TEAM = PLD5587GKY;
				ENABLE_PREVIEWS = YES;
				GENERATE_INFOPLIST_FILE = YES;
				INFOPLIST_FILE = EduSphere/Info.plist;
				INFOPLIST_KEY_UIApplicationSceneManifest_Generation = YES;
				LD_RUNPATH_SEARCH_PATHS = (
					"$(inherited)",
					"@executable_path/Frameworks",
				);
				MARKETING_VERSION = 1.0;
				PRODUCT_BUNDLE_IDENTIFIER = mingchungxia.EduSphere;
				PRODUCT_NAME = "$(TARGET_NAME)";
				SUPPORTED_PLATFORMS = "xros xrsimulator";
				SWIFT_EMIT_LOC_STRINGS = YES;
				SWIFT_VERSION = 5.0;
				TARGETED_DEVICE_FAMILY = "1,2,7";
			};
			name = Debug;
		};
		BDD07EDB2AB5F492001A3CAD /* Release */ = {
			isa = XCBuildConfiguration;
			buildSettings = {
				ASSETCATALOG_COMPILER_APPICON_NAME = AppIcon;
				ASSETCATALOG_COMPILER_GLOBAL_ACCENT_COLOR_NAME = AccentColor;
				CODE_SIGN_STYLE = Automatic;
				CURRENT_PROJECT_VERSION = 1;
				DEVELOPMENT_ASSET_PATHS = "\"EduSphere/Preview Content\"";
				DEVELOPMENT_TEAM = PLD5587GKY;
				ENABLE_PREVIEWS = YES;
				GENERATE_INFOPLIST_FILE = YES;
				INFOPLIST_FILE = EduSphere/Info.plist;
				INFOPLIST_KEY_UIApplicationSceneManifest_Generation = YES;
				LD_RUNPATH_SEARCH_PATHS = (
					"$(inherited)",
					"@executable_path/Frameworks",
				);
				MARKETING_VERSION = 1.0;
				PRODUCT_BUNDLE_IDENTIFIER = mingchungxia.EduSphere;
				PRODUCT_NAME = "$(TARGET_NAME)";
				SUPPORTED_PLATFORMS = "xros xrsimulator";
				SWIFT_EMIT_LOC_STRINGS = YES;
				SWIFT_VERSION = 5.0;
				TARGETED_DEVICE_FAMILY = "1,2,7";
			};
			name = Release;
		};
/* End XCBuildConfiguration section */

/* Begin XCConfigurationList section */
		BDD07EBE2AB5F490001A3CAD /* Build configuration list for PBXProject "EduSphere" */ = {
			isa = XCConfigurationList;
			buildConfigurations = (
				BDD07ED72AB5F492001A3CAD /* Debug */,
				BDD07ED82AB5F492001A3CAD /* Release */,
			);
			defaultConfigurationIsVisible = 0;
			defaultConfigurationName = Release;
		};
		BDD07ED92AB5F492001A3CAD /* Build configuration list for PBXNativeTarget "EduSphere" */ = {
			isa = XCConfigurationList;
			buildConfigurations = (
				BDD07EDA2AB5F492001A3CAD /* Debug */,
				BDD07EDB2AB5F492001A3CAD /* Release */,
			);
			defaultConfigurationIsVisible = 0;
			defaultConfigurationName = Release;
		};
/* End XCConfigurationList section */

/* Begin XCRemoteSwiftPackageReference section */
		BDD07EFA2AB61132001A3CAD /* XCRemoteSwiftPackageReference "Alamofire" */ = {
			isa = XCRemoteSwiftPackageReference;
			repositoryURL = "https://github.com/Alamofire/Alamofire.git";
			requirement = {
				kind = upToNextMajorVersion;
				minimumVersion = 5.8.0;
			};
		};
/* End XCRemoteSwiftPackageReference section */

/* Begin XCSwiftPackageProductDependency section */
		BDD07EC82AB5F490001A3CAD /* RealityKitContent */ = {
			isa = XCSwiftPackageProductDependency;
			productName = RealityKitContent;
		};
		BDD07EFB2AB61132001A3CAD /* Alamofire */ = {
			isa = XCSwiftPackageProductDependency;
			package = BDD07EFA2AB61132001A3CAD /* XCRemoteSwiftPackageReference "Alamofire" */;
			productName = Alamofire;
		};
/* End XCSwiftPackageProductDependency section */
	};
	rootObject = BDD07EBB2AB5F490001A3CAD /* Project object */;
}
